
Microsoft Visual Studio Solution File, Format Version 12.00
# Visual Studio Version 17
VisualStudioVersion = 17.13.35825.156 d17.13
MinimumVisualStudioVersion = 10.0.40219.1
Project("{FAE04EC0-301F-11D3-BF4B-00C04F79EFBC}") = "Password_Manager", "Password_Manager.csproj", "{8F279B34-6AC1-4CC2-83AC-DA869E2842AE}"
EndProject
Global
	GlobalSection(SolutionConfigurationPlatforms) = preSolution
		Debug|Any CPU = Debug|Any CPU
		Release|Any CPU = Release|Any CPU
	EndGlobalSection
	GlobalSection(ProjectConfigurationPlatforms) = postSolution
		{8F279B34-6AC1-4CC2-83AC-DA869E2842AE}.Debug|Any CPU.ActiveCfg = Debug|Any CPU
		{8F279B34-6AC1-4CC2-83AC-DA869E2842AE}.Debug|Any CPU.Build.0 = Debug|Any CPU
		{8F279B34-6AC1-4CC2-83AC-DA869E2842AE}.Release|Any CPU.ActiveCfg = Release|Any CPU
		{8F279B34-6AC1-4CC2-83AC-DA869E2842AE}.Release|Any CPU.Build.0 = Release|Any CPU
	EndGlobalSection
	GlobalSection(SolutionProperties) = preSolution
		HideSolutionNode = FALSE
	EndGlobalSection
	GlobalSection(ExtensibilityGlobals) = postSolution
		SolutionGuid = {BFAE560D-F956-4B0F-8070-F994B0DE9FFB}
	EndGlobalSection
EndGlobal
